<Solution>
  <Folder Name="/src/">
    <Project Path="src/Filee.Core/Filee.Core.csproj" />
    <Project Path="src/Filee.Engines/Filee.Engines.csproj" />
    <Project Path="src/Filee.Platform.Windows/Filee.Platform.Windows.csproj" />
    <Project Path="src/Filee.App/Filee.App.csproj" />
  </Folder>
  <Folder Name="/tests/">
    <Project Path="tests/Filee.Core.Tests/Filee.Core.Tests.csproj" />
    <Project Path="tests/Filee.Engines.Tests/Filee.Engines.Tests.csproj" />
    <Project Path="tests/Filee.App.Tests/Filee.App.Tests.csproj" />
  </Folder>
  <Folder Name="/Solution Items/">
    <File Path="Directory.Build.props" />
    <File Path="Directory.Packages.props" />
    <File Path="global.json" />
    <File Path=".editorconfig" />
  </Folder>
</Solution>
